
Microsoft Visual Studio Solution File, Format Version 12.00
# Visual Studio Version 17
VisualStudioVersion = 17.14.37027.9 d17.14
MinimumVisualStudioVersion = 10.0.40219.1
Project("{FAE04EC0-301F-11D3-BF4B-00C04F79EFBC}") = "Nallawilli", "Nallawilli\Nallawilli.csproj", "{DD047A38-A38C-416B-BA7B-5D5EC659BC72}"
EndProject
Global
	GlobalSection(SolutionConfigurationPlatforms) = preSolution
		Debug|Any CPU = Debug|Any CPU
		Release|Any CPU = Release|Any CPU
	EndGlobalSection
	GlobalSection(ProjectConfigurationPlatforms) = postSolution
		{DD047A38-A38C-416B-BA7B-5D5EC659BC72}.Debug|Any CPU.ActiveCfg = Debug|Any CPU
		{DD047A38-A38C-416B-BA7B-5D5EC659BC72}.Debug|Any CPU.Build.0 = Debug|Any CPU
		{DD047A38-A38C-416B-BA7B-5D5EC659BC72}.Release|Any CPU.ActiveCfg = Release|Any CPU
		{DD047A38-A38C-416B-BA7B-5D5EC659BC72}.Release|Any CPU.Build.0 = Release|Any CPU
	EndGlobalSection
	GlobalSection(SolutionProperties) = preSolution
		HideSolutionNode = FALSE
	EndGlobalSection
	GlobalSection(ExtensibilityGlobals) = postSolution
		SolutionGuid = {93E71C8D-DF20-446E-8886-44F16C214DBA}
	EndGlobalSection
EndGlobal
